PODS:
  - Stripe (5.1.2):
    - Stripe/Core (= 5.1.2)
  - Stripe/Core (5.1.2)
  - youtube-ios-player-helper (0.1.5)

DEPENDENCIES:
  - Stripe
  - youtube-ios-player-helper (~> 0.1.1)

SPEC CHECKSUMS:
  Stripe: 141b28d157f12db2e1624315cf19f1b6bd5af84d
  youtube-ios-player-helper: 8706bb155ffee74fbe5f2f5cf41c2dafe60dc155

COCOAPODS: 0.38.2
