// !$*UTF8*$!
{
	archiveVersion = 1;
	classes = {
	};
	objectVersion = 46;
	objects = {

/* Begin PBXBuildFile section */
		540C6B701B795A0A006F9A12 /* ListaCamarasViewController.swift in Sources */ = {isa = PBXBuildFile; fileRef = 540C6B6E1B795A0A006F9A12 /* ListaCamarasViewController.swift */; };
		542186981B83A7BB00E6461D /* Extensions.swift in Sources */ = {isa = PBXBuildFile; fileRef = 542186971B83A7BB00E6461D /* Extensions.swift */; };
		54305CAB1B73F809003F9AB0 /* AppDelegate.swift in Sources */ = {isa = PBXBuildFile; fileRef = 54305CAA1B73F809003F9AB0 /* AppDelegate.swift */; };
		54305CAD1B73F809003F9AB0 /* VideoViewController.swift in Sources */ = {isa = PBXBuildFile; fileRef = 54305CAC1B73F809003F9AB0 /* VideoViewController.swift */; };
		54305CB21B73F80A003F9AB0 /* Images.xcassets in Resources */ = {isa = PBXBuildFile; fileRef = 54305CB11B73F80A003F9AB0 /* Images.xcassets */; };
		54305CB51B73F80A003F9AB0 /* LaunchScreen.xib in Resources */ = {isa = PBXBuildFile; fileRef = 54305CB31B73F80A003F9AB0 /* LaunchScreen.xib */; };
		54305CC11B73F80A003F9AB0 /* bondzuiosTests.swift in Sources */ = {isa = PBXBuildFile; fileRef = 54305CC01B73F80A003F9AB0 /* bondzuiosTests.swift */; };
		544252871B7BBFAB0077C7A6 /* CatalogViewController.swift in Sources */ = {isa = PBXBuildFile; fileRef = 544252861B7BBFAB0077C7A6 /* CatalogViewController.swift */; };
		5442528A1B7BF5860077C7A6 /* GiftsViewController.swift in Sources */ = {isa = PBXBuildFile; fileRef = 544252891B7BF5860077C7A6 /* GiftsViewController.swift */; };
		5442528C1B7BF64B0077C7A6 /* Main.storyboard in Resources */ = {isa = PBXBuildFile; fileRef = 5442528B1B7BF64B0077C7A6 /* Main.storyboard */; };
		54571F7E1B7924420092E359 /* LoginViewController.swift in Sources */ = {isa = PBXBuildFile; fileRef = 54571F7D1B7924420092E359 /* LoginViewController.swift */; };
		54571F811B79270C0092E359 /* SignUpViewController.swift in Sources */ = {isa = PBXBuildFile; fileRef = 54571F801B79270C0092E359 /* SignUpViewController.swift */; };
		54571F841B7928E10092E359 /* Utiles.swift in Sources */ = {isa = PBXBuildFile; fileRef = 54571F831B7928E10092E359 /* Utiles.swift */; };
		54571F861B7928F10092E359 /* Animacion.swift in Sources */ = {isa = PBXBuildFile; fileRef = 54571F851B7928F10092E359 /* Animacion.swift */; };
		54571F881B792ADE0092E359 /* TabsViewController.swift in Sources */ = {isa = PBXBuildFile; fileRef = 54571F871B792ADE0092E359 /* TabsViewController.swift */; };
		54571F8B1B7932D60092E359 /* AboutViewController.swift in Sources */ = {isa = PBXBuildFile; fileRef = 54571F8A1B7932D60092E359 /* AboutViewController.swift */; };
		546486E11B8269BB00286CAC /* GiftDetailViewController.swift in Sources */ = {isa = PBXBuildFile; fileRef = 546486E01B8269BB00286CAC /* GiftDetailViewController.swift */; };
		546490BF1B7D043C007F3DEF /* GiftCollectionViewCell.swift in Sources */ = {isa = PBXBuildFile; fileRef = 546490BE1B7D043C007F3DEF /* GiftCollectionViewCell.swift */; };
		546490C11B7D3217007F3DEF /* Imagenes.swift in Sources */ = {isa = PBXBuildFile; fileRef = 546490C01B7D3217007F3DEF /* Imagenes.swift */; };
		548993281B98B36800DDF263 /* AnimalCollectionViewCell.swift in Sources */ = {isa = PBXBuildFile; fileRef = 548993271B98B36800DDF263 /* AnimalCollectionViewCell.swift */; settings = {ASSET_TAGS = (); }; };
		5489932A1B98BE4400DDF263 /* AnimalV2.swift in Sources */ = {isa = PBXBuildFile; fileRef = 548993291B98BE4400DDF263 /* AnimalV2.swift */; settings = {ASSET_TAGS = (); }; };
		549760FB1B7B0BED005782A6 /* Camera.swift in Sources */ = {isa = PBXBuildFile; fileRef = 549760FA1B7B0BED005782A6 /* Camera.swift */; };
		549760FD1B7B12B9005782A6 /* Animal.swift in Sources */ = {isa = PBXBuildFile; fileRef = 549760FC1B7B12B9005782A6 /* Animal.swift */; };
		54A3CE2A1B84FB5200E106D9 /* PagoViewController.swift in Sources */ = {isa = PBXBuildFile; fileRef = 54A3CE291B84FB5200E106D9 /* PagoViewController.swift */; };
		54BC54C51B7BF879009244C7 /* CommunityViewController.swift in Sources */ = {isa = PBXBuildFile; fileRef = 54BC54C41B7BF879009244C7 /* CommunityViewController.swift */; };
		54BC54C81B7BF8A1009244C7 /* GalleryViewController.swift in Sources */ = {isa = PBXBuildFile; fileRef = 54BC54C71B7BF8A1009244C7 /* GalleryViewController.swift */; };
		54C406491B7D67D20082768B /* Constantes.swift in Sources */ = {isa = PBXBuildFile; fileRef = 54C406481B7D67D20082768B /* Constantes.swift */; };
		54E447901B74020500BF580F /* Bolts.framework in Frameworks */ = {isa = PBXBuildFile; fileRef = 54E4478E1B74020500BF580F /* Bolts.framework */; };
		54E447911B74020500BF580F /* Parse.framework in Frameworks */ = {isa = PBXBuildFile; fileRef = 54E4478F1B74020500BF580F /* Parse.framework */; settings = {ATTRIBUTES = (Required, ); }; };
		54E447931B74021900BF580F /* AudioToolbox.framework in Frameworks */ = {isa = PBXBuildFile; fileRef = 54E447921B74021900BF580F /* AudioToolbox.framework */; };
		54E447951B74021D00BF580F /* CFNetwork.framework in Frameworks */ = {isa = PBXBuildFile; fileRef = 54E447941B74021D00BF580F /* CFNetwork.framework */; };
		54E447971B74022300BF580F /* CoreGraphics.framework in Frameworks */ = {isa = PBXBuildFile; fileRef = 54E447961B74022300BF580F /* CoreGraphics.framework */; };
		54E447991B74022800BF580F /* CoreLocation.framework in Frameworks */ = {isa = PBXBuildFile; fileRef = 54E447981B74022800BF580F /* CoreLocation.framework */; };
		54E4479B1B74022D00BF580F /* QuartzCore.framework in Frameworks */ = {isa = PBXBuildFile; fileRef = 54E4479A1B74022D00BF580F /* QuartzCore.framework */; };
		54E4479D1B74023100BF580F /* Security.framework in Frameworks */ = {isa = PBXBuildFile; fileRef = 54E4479C1B74023100BF580F /* Security.framework */; };
		54E4479F1B74023700BF580F /* StoreKit.framework in Frameworks */ = {isa = PBXBuildFile; fileRef = 54E4479E1B74023700BF580F /* StoreKit.framework */; };
		54E447A11B74023F00BF580F /* SystemConfiguration.framework in Frameworks */ = {isa = PBXBuildFile; fileRef = 54E447A01B74023F00BF580F /* SystemConfiguration.framework */; };
		54E447A31B74024400BF580F /* libz.dylib in Frameworks */ = {isa = PBXBuildFile; fileRef = 54E447A21B74024400BF580F /* libz.dylib */; };
		54E447A51B74024B00BF580F /* libsqlite3.dylib in Frameworks */ = {isa = PBXBuildFile; fileRef = 54E447A41B74024B00BF580F /* libsqlite3.dylib */; };
		54E447A71B74025100BF580F /* Accounts.framework in Frameworks */ = {isa = PBXBuildFile; fileRef = 54E447A61B74025100BF580F /* Accounts.framework */; };
		54E447A91B74025600BF580F /* Social.framework in Frameworks */ = {isa = PBXBuildFile; fileRef = 54E447A81B74025600BF580F /* Social.framework */; };
		54E447AA1B74171300BF580F /* Producto.swift in Sources */ = {isa = PBXBuildFile; fileRef = 54E4478C1B73FDB200BF580F /* Producto.swift */; };
		54E806321BA74DD2007AFD44 /* NoCamerasViewController.swift in Sources */ = {isa = PBXBuildFile; fileRef = 54E806311BA74DD2007AFD44 /* NoCamerasViewController.swift */; settings = {ASSET_TAGS = (); }; };
		59F1AE53831DD4A4A5FDE591 /* Pods_bondzuios.framework in Frameworks */ = {isa = PBXBuildFile; fileRef = D351F62896984FB83F35B2B7 /* Pods_bondzuios.framework */; settings = {ATTRIBUTES = (Weak, ); }; };
		B31EE59E1BA1D5CC001268CE /* CommunityReplyEntryCellTableViewCell.swift in Sources */ = {isa = PBXBuildFile; fileRef = B31EE59D1BA1D5CC001268CE /* CommunityReplyEntryCellTableViewCell.swift */; settings = {ASSET_TAGS = (); }; };
		B34AD43A1BA0BCC100ACD3D6 /* ReplyCommunityViewController.swift in Sources */ = {isa = PBXBuildFile; fileRef = B34AD4391BA0BCC100ACD3D6 /* ReplyCommunityViewController.swift */; settings = {ASSET_TAGS = (); }; };
		B34AD43C1BA0BDE800ACD3D6 /* FullImageView.swift in Sources */ = {isa = PBXBuildFile; fileRef = B34AD43B1BA0BDE800ACD3D6 /* FullImageView.swift */; settings = {ASSET_TAGS = (); }; };
		B34FB9E71B9F3AB000CC4FE6 /* TextFieldWithImageButton.swift in Sources */ = {isa = PBXBuildFile; fileRef = B34FB9E61B9F3AB000CC4FE6 /* TextFieldWithImageButton.swift */; settings = {ASSET_TAGS = (); }; };
		B3797FE31B8CC1BE00924080 /* CircledButton.swift in Sources */ = {isa = PBXBuildFile; fileRef = B3797FE21B8CC1BE00924080 /* CircledButton.swift */; settings = {ASSET_TAGS = (); }; };
		B39719E51B8F5CC200509A72 /* AboutLateralView.swift in Sources */ = {isa = PBXBuildFile; fileRef = B39719E41B8F5CC100509A72 /* AboutLateralView.swift */; settings = {ASSET_TAGS = (); }; };
		B39719E71B8F6F1800509A72 /* Usuario.swift in Sources */ = {isa = PBXBuildFile; fileRef = B39719E61B8F6F1800509A72 /* Usuario.swift */; settings = {ASSET_TAGS = (); }; };
		B3F048B41B98983C005EB12D /* CommunityEntryView.swift in Sources */ = {isa = PBXBuildFile; fileRef = B3F048B31B98983C005EB12D /* CommunityEntryView.swift */; settings = {ASSET_TAGS = (); }; };
/* End PBXBuildFile section */

/* Begin PBXContainerItemProxy section */
		54305CBB1B73F80A003F9AB0 /* PBXContainerItemProxy */ = {
			isa = PBXContainerItemProxy;
			containerPortal = 54305C9D1B73F809003F9AB0 /* Project object */;
			proxyType = 1;
			remoteGlobalIDString = 54305CA41B73F809003F9AB0;
			remoteInfo = bondzuios;
		};
/* End PBXContainerItemProxy section */

/* Begin PBXFileReference section */
		092D6BF827BFAF6C41449A2C /* Pods-bondzuios.debug.xcconfig */ = {isa = PBXFileReference; includeInIndex = 1; lastKnownFileType = text.xcconfig; name = "Pods-bondzuios.debug.xcconfig"; path = "Pods/Target Support Files/Pods-bondzuios/Pods-bondzuios.debug.xcconfig"; sourceTree = "<group>"; };
		369B6381515A0A35A75037A3 /* Pods-bondzuios.release.xcconfig */ = {isa = PBXFileReference; includeInIndex = 1; lastKnownFileType = text.xcconfig; name = "Pods-bondzuios.release.xcconfig"; path = "Pods/Target Support Files/Pods-bondzuios/Pods-bondzuios.release.xcconfig"; sourceTree = "<group>"; };
		540C6B6E1B795A0A006F9A12 /* ListaCamarasViewController.swift */ = {isa = PBXFileReference; fileEncoding = 4; lastKnownFileType = sourcecode.swift; path = ListaCamarasViewController.swift; sourceTree = "<group>"; };
		542186971B83A7BB00E6461D /* Extensions.swift */ = {isa = PBXFileReference; fileEncoding = 4; lastKnownFileType = sourcecode.swift; path = Extensions.swift; sourceTree = "<group>"; };
		54305CA51B73F809003F9AB0 /* Bondzu.app */ = {isa = PBXFileReference; explicitFileType = wrapper.application; includeInIndex = 0; path = Bondzu.app; sourceTree = BUILT_PRODUCTS_DIR; };
		54305CA91B73F809003F9AB0 /* Info.plist */ = {isa = PBXFileReference; lastKnownFileType = text.plist.xml; path = Info.plist; sourceTree = "<group>"; };
		54305CAA1B73F809003F9AB0 /* AppDelegate.swift */ = {isa = PBXFileReference; lastKnownFileType = sourcecode.swift; path = AppDelegate.swift; sourceTree = "<group>"; };
		54305CAC1B73F809003F9AB0 /* VideoViewController.swift */ = {isa = PBXFileReference; lastKnownFileType = sourcecode.swift; path = VideoViewController.swift; sourceTree = "<group>"; };
		54305CB11B73F80A003F9AB0 /* Images.xcassets */ = {isa = PBXFileReference; lastKnownFileType = folder.assetcatalog; path = Images.xcassets; sourceTree = "<group>"; };
		54305CB41B73F80A003F9AB0 /* Base */ = {isa = PBXFileReference; lastKnownFileType = file.xib; name = Base; path = Base.lproj/LaunchScreen.xib; sourceTree = "<group>"; };
		54305CBA1B73F80A003F9AB0 /* bondzuiosTests.xctest */ = {isa = PBXFileReference; explicitFileType = wrapper.cfbundle; includeInIndex = 0; path = bondzuiosTests.xctest; sourceTree = BUILT_PRODUCTS_DIR; };
		54305CBF1B73F80A003F9AB0 /* Info.plist */ = {isa = PBXFileReference; lastKnownFileType = text.plist.xml; path = Info.plist; sourceTree = "<group>"; };
		54305CC01B73F80A003F9AB0 /* bondzuiosTests.swift */ = {isa = PBXFileReference; lastKnownFileType = sourcecode.swift; path = bondzuiosTests.swift; sourceTree = "<group>"; };
		544252861B7BBFAB0077C7A6 /* CatalogViewController.swift */ = {isa = PBXFileReference; fileEncoding = 4; lastKnownFileType = sourcecode.swift; path = CatalogViewController.swift; sourceTree = "<group>"; };
		544252891B7BF5860077C7A6 /* GiftsViewController.swift */ = {isa = PBXFileReference; fileEncoding = 4; lastKnownFileType = sourcecode.swift; path = GiftsViewController.swift; sourceTree = "<group>"; };
		5442528B1B7BF64B0077C7A6 /* Main.storyboard */ = {isa = PBXFileReference; fileEncoding = 4; lastKnownFileType = file.storyboard; path = Main.storyboard; sourceTree = "<group>"; };
		54571F7D1B7924420092E359 /* LoginViewController.swift */ = {isa = PBXFileReference; fileEncoding = 4; lastKnownFileType = sourcecode.swift; path = LoginViewController.swift; sourceTree = "<group>"; };
		54571F801B79270C0092E359 /* SignUpViewController.swift */ = {isa = PBXFileReference; fileEncoding = 4; lastKnownFileType = sourcecode.swift; path = SignUpViewController.swift; sourceTree = "<group>"; };
		54571F831B7928E10092E359 /* Utiles.swift */ = {isa = PBXFileReference; fileEncoding = 4; lastKnownFileType = sourcecode.swift; path = Utiles.swift; sourceTree = "<group>"; };
		54571F851B7928F10092E359 /* Animacion.swift */ = {isa = PBXFileReference; fileEncoding = 4; lastKnownFileType = sourcecode.swift; path = Animacion.swift; sourceTree = "<group>"; };
		54571F871B792ADE0092E359 /* TabsViewController.swift */ = {isa = PBXFileReference; fileEncoding = 4; lastKnownFileType = sourcecode.swift; path = TabsViewController.swift; sourceTree = "<group>"; };
		54571F8A1B7932D60092E359 /* AboutViewController.swift */ = {isa = PBXFileReference; fileEncoding = 4; lastKnownFileType = sourcecode.swift; path = AboutViewController.swift; sourceTree = "<group>"; };
		546486E01B8269BB00286CAC /* GiftDetailViewController.swift */ = {isa = PBXFileReference; fileEncoding = 4; lastKnownFileType = sourcecode.swift; path = GiftDetailViewController.swift; sourceTree = "<group>"; };
		546490BE1B7D043C007F3DEF /* GiftCollectionViewCell.swift */ = {isa = PBXFileReference; fileEncoding = 4; lastKnownFileType = sourcecode.swift; path = GiftCollectionViewCell.swift; sourceTree = "<group>"; };
		546490C01B7D3217007F3DEF /* Imagenes.swift */ = {isa = PBXFileReference; fileEncoding = 4; lastKnownFileType = sourcecode.swift; path = Imagenes.swift; sourceTree = "<group>"; };
		548993271B98B36800DDF263 /* AnimalCollectionViewCell.swift */ = {isa = PBXFileReference; fileEncoding = 4; lastKnownFileType = sourcecode.swift; path = AnimalCollectionViewCell.swift; sourceTree = "<group>"; };
		548993291B98BE4400DDF263 /* AnimalV2.swift */ = {isa = PBXFileReference; fileEncoding = 4; lastKnownFileType = sourcecode.swift; path = AnimalV2.swift; sourceTree = "<group>"; };
		549760FA1B7B0BED005782A6 /* Camera.swift */ = {isa = PBXFileReference; fileEncoding = 4; lastKnownFileType = sourcecode.swift; name = Camera.swift; path = bondzuios/Camera.swift; sourceTree = "<group>"; };
		549760FC1B7B12B9005782A6 /* Animal.swift */ = {isa = PBXFileReference; fileEncoding = 4; lastKnownFileType = sourcecode.swift; name = Animal.swift; path = bondzuios/Animal.swift; sourceTree = "<group>"; };
		54A3CE291B84FB5200E106D9 /* PagoViewController.swift */ = {isa = PBXFileReference; fileEncoding = 4; lastKnownFileType = sourcecode.swift; name = PagoViewController.swift; path = bondzuios/PagoViewController.swift; sourceTree = "<group>"; };
		54BC54C41B7BF879009244C7 /* CommunityViewController.swift */ = {isa = PBXFileReference; fileEncoding = 4; lastKnownFileType = sourcecode.swift; path = CommunityViewController.swift; sourceTree = "<group>"; };
		54BC54C71B7BF8A1009244C7 /* GalleryViewController.swift */ = {isa = PBXFileReference; fileEncoding = 4; lastKnownFileType = sourcecode.swift; path = GalleryViewController.swift; sourceTree = "<group>"; };
		54C406481B7D67D20082768B /* Constantes.swift */ = {isa = PBXFileReference; fileEncoding = 4; lastKnownFileType = sourcecode.swift; path = Constantes.swift; sourceTree = "<group>"; };
		54E4478C1B73FDB200BF580F /* Producto.swift */ = {isa = PBXFileReference; fileEncoding = 4; lastKnownFileType = sourcecode.swift; path = Producto.swift; sourceTree = "<group>"; };
		54E4478E1B74020500BF580F /* Bolts.framework */ = {isa = PBXFileReference; lastKnownFileType = wrapper.framework; path = Bolts.framework; sourceTree = "<group>"; };
		54E4478F1B74020500BF580F /* Parse.framework */ = {isa = PBXFileReference; lastKnownFileType = wrapper.framework; path = Parse.framework; sourceTree = "<group>"; };
		54E447921B74021900BF580F /* AudioToolbox.framework */ = {isa = PBXFileReference; lastKnownFileType = wrapper.framework; name = AudioToolbox.framework; path = System/Library/Frameworks/AudioToolbox.framework; sourceTree = SDKROOT; };
		54E447941B74021D00BF580F /* CFNetwork.framework */ = {isa = PBXFileReference; lastKnownFileType = wrapper.framework; name = CFNetwork.framework; path = System/Library/Frameworks/CFNetwork.framework; sourceTree = SDKROOT; };
		54E447961B74022300BF580F /* CoreGraphics.framework */ = {isa = PBXFileReference; lastKnownFileType = wrapper.framework; name = CoreGraphics.framework; path = System/Library/Frameworks/CoreGraphics.framework; sourceTree = SDKROOT; };
		54E447981B74022800BF580F /* CoreLocation.framework */ = {isa = PBXFileReference; lastKnownFileType = wrapper.framework; name = CoreLocation.framework; path = System/Library/Frameworks/CoreLocation.framework; sourceTree = SDKROOT; };
		54E4479A1B74022D00BF580F /* QuartzCore.framework */ = {isa = PBXFileReference; lastKnownFileType = wrapper.framework; name = QuartzCore.framework; path = System/Library/Frameworks/QuartzCore.framework; sourceTree = SDKROOT; };
		54E4479C1B74023100BF580F /* Security.framework */ = {isa = PBXFileReference; lastKnownFileType = wrapper.framework; name = Security.framework; path = System/Library/Frameworks/Security.framework; sourceTree = SDKROOT; };
		54E4479E1B74023700BF580F /* StoreKit.framework */ = {isa = PBXFileReference; lastKnownFileType = wrapper.framework; name = StoreKit.framework; path = System/Library/Frameworks/StoreKit.framework; sourceTree = SDKROOT; };
		54E447A01B74023F00BF580F /* SystemConfiguration.framework */ = {isa = PBXFileReference; lastKnownFileType = wrapper.framework; name = SystemConfiguration.framework; path = System/Library/Frameworks/SystemConfiguration.framework; sourceTree = SDKROOT; };
		54E447A21B74024400BF580F /* libz.dylib */ = {isa = PBXFileReference; lastKnownFileType = "compiled.mach-o.dylib"; name = libz.dylib; path = usr/lib/libz.dylib; sourceTree = SDKROOT; };
		54E447A41B74024B00BF580F /* libsqlite3.dylib */ = {isa = PBXFileReference; lastKnownFileType = "compiled.mach-o.dylib"; name = libsqlite3.dylib; path = usr/lib/libsqlite3.dylib; sourceTree = SDKROOT; };
		54E447A61B74025100BF580F /* Accounts.framework */ = {isa = PBXFileReference; lastKnownFileType = wrapper.framework; name = Accounts.framework; path = System/Library/Frameworks/Accounts.framework; sourceTree = SDKROOT; };
		54E447A81B74025600BF580F /* Social.framework */ = {isa = PBXFileReference; lastKnownFileType = wrapper.framework; name = Social.framework; path = System/Library/Frameworks/Social.framework; sourceTree = SDKROOT; };
		B31EE59D1BA1D5CC001268CE /* CommunityReplyEntryCellTableViewCell.swift */ = {isa = PBXFileReference; fileEncoding = 4; lastKnownFileType = sourcecode.swift; path = CommunityReplyEntryCellTableViewCell.swift; sourceTree = "<group>"; };
		B34AD4391BA0BCC100ACD3D6 /* ReplyCommunityViewController.swift */ = {isa = PBXFileReference; fileEncoding = 4; lastKnownFileType = sourcecode.swift; path = ReplyCommunityViewController.swift; sourceTree = "<group>"; };
		B34AD43B1BA0BDE800ACD3D6 /* FullImageView.swift */ = {isa = PBXFileReference; fileEncoding = 4; lastKnownFileType = sourcecode.swift; path = FullImageView.swift; sourceTree = "<group>"; };
		B34FB9E61B9F3AB000CC4FE6 /* TextFieldWithImageButton.swift */ = {isa = PBXFileReference; fileEncoding = 4; lastKnownFileType = sourcecode.swift; path = TextFieldWithImageButton.swift; sourceTree = "<group>"; };
		54E806311BA74DD2007AFD44 /* NoCamerasViewController.swift */ = {isa = PBXFileReference; fileEncoding = 4; lastKnownFileType = sourcecode.swift; path = NoCamerasViewController.swift; sourceTree = "<group>"; };
		B3797FE21B8CC1BE00924080 /* CircledButton.swift */ = {isa = PBXFileReference; fileEncoding = 4; lastKnownFileType = sourcecode.swift; path = CircledButton.swift; sourceTree = "<group>"; };
		B3797FE41B8CC8E000924080 /* Bridging-Header.h */ = {isa = PBXFileReference; lastKnownFileType = sourcecode.c.h; path = "Bridging-Header.h"; sourceTree = "<group>"; };
		B39719E41B8F5CC100509A72 /* AboutLateralView.swift */ = {isa = PBXFileReference; fileEncoding = 4; lastKnownFileType = sourcecode.swift; path = AboutLateralView.swift; sourceTree = "<group>"; };
		B39719E61B8F6F1800509A72 /* Usuario.swift */ = {isa = PBXFileReference; fileEncoding = 4; lastKnownFileType = sourcecode.swift; name = Usuario.swift; path = bondzuios/Usuario.swift; sourceTree = "<group>"; };
		B3F048B31B98983C005EB12D /* CommunityEntryView.swift */ = {isa = PBXFileReference; fileEncoding = 4; lastKnownFileType = sourcecode.swift; path = CommunityEntryView.swift; sourceTree = "<group>"; };
		D351F62896984FB83F35B2B7 /* Pods_bondzuios.framework */ = {isa = PBXFileReference; explicitFileType = wrapper.framework; includeInIndex = 0; path = Pods_bondzuios.framework; sourceTree = BUILT_PRODUCTS_DIR; };
/* End PBXFileReference section */

/* Begin PBXFrameworksBuildPhase section */
		54305CA21B73F809003F9AB0 /* Frameworks */ = {
			isa = PBXFrameworksBuildPhase;
			buildActionMask = 2147483647;
			files = (
				54E447A91B74025600BF580F /* Social.framework in Frameworks */,
				54E447A71B74025100BF580F /* Accounts.framework in Frameworks */,
				54E447A51B74024B00BF580F /* libsqlite3.dylib in Frameworks */,
				54E447A31B74024400BF580F /* libz.dylib in Frameworks */,
				54E447A11B74023F00BF580F /* SystemConfiguration.framework in Frameworks */,
				54E4479F1B74023700BF580F /* StoreKit.framework in Frameworks */,
				54E4479D1B74023100BF580F /* Security.framework in Frameworks */,
				54E4479B1B74022D00BF580F /* QuartzCore.framework in Frameworks */,
				54E447991B74022800BF580F /* CoreLocation.framework in Frameworks */,
				54E447971B74022300BF580F /* CoreGraphics.framework in Frameworks */,
				54E447951B74021D00BF580F /* CFNetwork.framework in Frameworks */,
				54E447931B74021900BF580F /* AudioToolbox.framework in Frameworks */,
				59F1AE53831DD4A4A5FDE591 /* Pods_bondzuios.framework in Frameworks */,
				54E447911B74020500BF580F /* Parse.framework in Frameworks */,
				54E447901B74020500BF580F /* Bolts.framework in Frameworks */,
			);
			runOnlyForDeploymentPostprocessing = 0;
		};
		54305CB71B73F80A003F9AB0 /* Frameworks */ = {
			isa = PBXFrameworksBuildPhase;
			buildActionMask = 2147483647;
			files = (
			);
			runOnlyForDeploymentPostprocessing = 0;
		};
/* End PBXFrameworksBuildPhase section */

/* Begin PBXGroup section */
		542186961B83A79900E6461D /* Extensions */ = {
			isa = PBXGroup;
			children = (
				542186971B83A7BB00E6461D /* Extensions.swift */,
			);
			name = Extensions;
			sourceTree = "<group>";
		};
		54305C9C1B73F809003F9AB0 = {
			isa = PBXGroup;
			children = (
				54305CA71B73F809003F9AB0 /* bondzuios */,
				54305CBD1B73F80A003F9AB0 /* bondzuiosTests */,
				54305CA61B73F809003F9AB0 /* Products */,
				86C5B5B5AD1D712BEFCF248A /* Pods */,
				CBF380E5CDA199239CE20526 /* Frameworks */,
			);
			sourceTree = "<group>";
		};
		54305CA61B73F809003F9AB0 /* Products */ = {
			isa = PBXGroup;
			children = (
				54305CA51B73F809003F9AB0 /* Bondzu.app */,
				54305CBA1B73F80A003F9AB0 /* bondzuiosTests.xctest */,
			);
			name = Products;
			sourceTree = "<group>";
		};
		54305CA71B73F809003F9AB0 /* bondzuios */ = {
			isa = PBXGroup;
			children = (
				542186961B83A79900E6461D /* Extensions */,
				544252851B7BBF910077C7A6 /* Catalog */,
				54571F891B7932B70092E359 /* AboutTab */,
				54BC54C31B7BF862009244C7 /* CommunityTab */,
				54BC54C61B7BF884009244C7 /* GalleryTab */,
				544252881B7BF5710077C7A6 /* GiftsTab */,
				54571F821B7928850092E359 /* Utiles */,
				54571F7F1B7926E50092E359 /* Signup */,
				54571F7C1B79241F0092E359 /* Login */,
				54305CCB1B73FA7B003F9AB0 /* Video */,
				54305CCA1B73FA68003F9AB0 /* Modelos */,
				5442528B1B7BF64B0077C7A6 /* Main.storyboard */,
				B3797FE41B8CC8E000924080 /* Bridging-Header.h */,
				54305CAA1B73F809003F9AB0 /* AppDelegate.swift */,
				54571F871B792ADE0092E359 /* TabsViewController.swift */,
				54305CB11B73F80A003F9AB0 /* Images.xcassets */,
				54305CB31B73F80A003F9AB0 /* LaunchScreen.xib */,
				54305CA81B73F809003F9AB0 /* Supporting Files */,
			);
			path = bondzuios;
			sourceTree = "<group>";
		};
		54305CA81B73F809003F9AB0 /* Supporting Files */ = {
			isa = PBXGroup;
			children = (
				54305CA91B73F809003F9AB0 /* Info.plist */,
			);
			name = "Supporting Files";
			sourceTree = "<group>";
		};
		54305CBD1B73F80A003F9AB0 /* bondzuiosTests */ = {
			isa = PBXGroup;
			children = (
				54305CC01B73F80A003F9AB0 /* bondzuiosTests.swift */,
				54305CBE1B73F80A003F9AB0 /* Supporting Files */,
			);
			path = bondzuiosTests;
			sourceTree = "<group>";
		};
		54305CBE1B73F80A003F9AB0 /* Supporting Files */ = {
			isa = PBXGroup;
			children = (
				54305CBF1B73F80A003F9AB0 /* Info.plist */,
			);
			name = "Supporting Files";
			sourceTree = "<group>";
		};
		54305CCA1B73FA68003F9AB0 /* Modelos */ = {
			isa = PBXGroup;
			children = (
				54E4478C1B73FDB200BF580F /* Producto.swift */,
				549760FA1B7B0BED005782A6 /* Camera.swift */,
				549760FC1B7B12B9005782A6 /* Animal.swift */,
				B39719E61B8F6F1800509A72 /* Usuario.swift */,
				548993291B98BE4400DDF263 /* AnimalV2.swift */,
			);
			name = Modelos;
			path = ..;
			sourceTree = "<group>";
		};
		54305CCB1B73FA7B003F9AB0 /* Video */ = {
			isa = PBXGroup;
			children = (
				540C6B6E1B795A0A006F9A12 /* ListaCamarasViewController.swift */,
				54305CAC1B73F809003F9AB0 /* VideoViewController.swift */,
				54E806311BA74DD2007AFD44 /* NoCamerasViewController.swift */,
			);
			name = Video;
			sourceTree = "<group>";
		};
		544252851B7BBF910077C7A6 /* Catalog */ = {
			isa = PBXGroup;
			children = (
				544252861B7BBFAB0077C7A6 /* CatalogViewController.swift */,
				548993271B98B36800DDF263 /* AnimalCollectionViewCell.swift */,
			);
			name = Catalog;
			sourceTree = "<group>";
		};
		544252881B7BF5710077C7A6 /* GiftsTab */ = {
			isa = PBXGroup;
			children = (
				544252891B7BF5860077C7A6 /* GiftsViewController.swift */,
				546490BE1B7D043C007F3DEF /* GiftCollectionViewCell.swift */,
				546486E01B8269BB00286CAC /* GiftDetailViewController.swift */,
				54A3CE281B84FB3600E106D9 /* Pago */,
			);
			name = GiftsTab;
			sourceTree = "<group>";
		};
		54571F7C1B79241F0092E359 /* Login */ = {
			isa = PBXGroup;
			children = (
				54571F7D1B7924420092E359 /* LoginViewController.swift */,
			);
			name = Login;
			sourceTree = "<group>";
		};
		54571F7F1B7926E50092E359 /* Signup */ = {
			isa = PBXGroup;
			children = (
				54571F801B79270C0092E359 /* SignUpViewController.swift */,
			);
			name = Signup;
			sourceTree = "<group>";
		};
		54571F821B7928850092E359 /* Utiles */ = {
			isa = PBXGroup;
			children = (
				B3797FE21B8CC1BE00924080 /* CircledButton.swift */,
				54571F831B7928E10092E359 /* Utiles.swift */,
				54571F851B7928F10092E359 /* Animacion.swift */,
				546490C01B7D3217007F3DEF /* Imagenes.swift */,
				54C406481B7D67D20082768B /* Constantes.swift */,
				B34AD43B1BA0BDE800ACD3D6 /* FullImageView.swift */,
			);
			name = Utiles;
			sourceTree = "<group>";
		};
		54571F891B7932B70092E359 /* AboutTab */ = {
			isa = PBXGroup;
			children = (
				54571F8A1B7932D60092E359 /* AboutViewController.swift */,
				B39719E41B8F5CC100509A72 /* AboutLateralView.swift */,
			);
			name = AboutTab;
			sourceTree = "<group>";
		};
		54A3CE281B84FB3600E106D9 /* Pago */ = {
			isa = PBXGroup;
			children = (
				54A3CE291B84FB5200E106D9 /* PagoViewController.swift */,
			);
			name = Pago;
			path = ..;
			sourceTree = "<group>";
		};
		54BC54C31B7BF862009244C7 /* CommunityTab */ = {
			isa = PBXGroup;
			children = (
				54BC54C41B7BF879009244C7 /* CommunityViewController.swift */,
				B34AD4391BA0BCC100ACD3D6 /* ReplyCommunityViewController.swift */,
				B3F048B31B98983C005EB12D /* CommunityEntryView.swift */,
				B31EE59D1BA1D5CC001268CE /* CommunityReplyEntryCellTableViewCell.swift */,
				B34FB9E61B9F3AB000CC4FE6 /* TextFieldWithImageButton.swift */,
			);
			name = CommunityTab;
			sourceTree = "<group>";
		};
		54BC54C61B7BF884009244C7 /* GalleryTab */ = {
			isa = PBXGroup;
			children = (
				54BC54C71B7BF8A1009244C7 /* GalleryViewController.swift */,
			);
			name = GalleryTab;
			sourceTree = "<group>";
		};
		86C5B5B5AD1D712BEFCF248A /* Pods */ = {
			isa = PBXGroup;
			children = (
				092D6BF827BFAF6C41449A2C /* Pods-bondzuios.debug.xcconfig */,
				369B6381515A0A35A75037A3 /* Pods-bondzuios.release.xcconfig */,
			);
			name = Pods;
			sourceTree = "<group>";
		};
		CBF380E5CDA199239CE20526 /* Frameworks */ = {
			isa = PBXGroup;
			children = (
				54E447A81B74025600BF580F /* Social.framework */,
				54E447A61B74025100BF580F /* Accounts.framework */,
				54E447A41B74024B00BF580F /* libsqlite3.dylib */,
				54E447A21B74024400BF580F /* libz.dylib */,
				54E447A01B74023F00BF580F /* SystemConfiguration.framework */,
				54E4479E1B74023700BF580F /* StoreKit.framework */,
				54E4479C1B74023100BF580F /* Security.framework */,
				54E4479A1B74022D00BF580F /* QuartzCore.framework */,
				54E447981B74022800BF580F /* CoreLocation.framework */,
				54E447961B74022300BF580F /* CoreGraphics.framework */,
				54E447941B74021D00BF580F /* CFNetwork.framework */,
				54E447921B74021900BF580F /* AudioToolbox.framework */,
				54E4478E1B74020500BF580F /* Bolts.framework */,
				54E4478F1B74020500BF580F /* Parse.framework */,
				D351F62896984FB83F35B2B7 /* Pods_bondzuios.framework */,
			);
			name = Frameworks;
			sourceTree = "<group>";
		};
/* End PBXGroup section */

/* Begin PBXNativeTarget section */
		54305CA41B73F809003F9AB0 /* bondzuios */ = {
			isa = PBXNativeTarget;
			buildConfigurationList = 54305CC41B73F80A003F9AB0 /* Build configuration list for PBXNativeTarget "bondzuios" */;
			buildPhases = (
				BC2C39C2EFA03B187CC99C14 /* Check Pods Manifest.lock */,
				54305CA11B73F809003F9AB0 /* Sources */,
				54305CA21B73F809003F9AB0 /* Frameworks */,
				54305CA31B73F809003F9AB0 /* Resources */,
				A165DC895CA7DA4FC73B2B8C /* Embed Pods Frameworks */,
				9DCA7311741A3C9F59F56D47 /* Copy Pods Resources */,
			);
			buildRules = (
			);
			dependencies = (
			);
			name = bondzuios;
			productName = bondzuios;
			productReference = 54305CA51B73F809003F9AB0 /* Bondzu.app */;
			productType = "com.apple.product-type.application";
		};
		54305CB91B73F80A003F9AB0 /* bondzuiosTests */ = {
			isa = PBXNativeTarget;
			buildConfigurationList = 54305CC71B73F80A003F9AB0 /* Build configuration list for PBXNativeTarget "bondzuiosTests" */;
			buildPhases = (
				54305CB61B73F80A003F9AB0 /* Sources */,
				54305CB71B73F80A003F9AB0 /* Frameworks */,
				54305CB81B73F80A003F9AB0 /* Resources */,
			);
			buildRules = (
			);
			dependencies = (
				54305CBC1B73F80A003F9AB0 /* PBXTargetDependency */,
			);
			name = bondzuiosTests;
			productName = bondzuiosTests;
			productReference = 54305CBA1B73F80A003F9AB0 /* bondzuiosTests.xctest */;
			productType = "com.apple.product-type.bundle.unit-test";
		};
/* End PBXNativeTarget section */

/* Begin PBXProject section */
		54305C9D1B73F809003F9AB0 /* Project object */ = {
			isa = PBXProject;
			attributes = {
				LastSwiftUpdateCheck = 0700;
				LastUpgradeCheck = 0700;
				ORGANIZATIONNAME = Bondzu;
				TargetAttributes = {
					54305CA41B73F809003F9AB0 = {
						CreatedOnToolsVersion = 6.4;
						DevelopmentTeam = P95F7PXU7A;
					};
					54305CB91B73F80A003F9AB0 = {
						CreatedOnToolsVersion = 6.4;
						TestTargetID = 54305CA41B73F809003F9AB0;
					};
				};
			};
			buildConfigurationList = 54305CA01B73F809003F9AB0 /* Build configuration list for PBXProject "bondzuios" */;
			compatibilityVersion = "Xcode 3.2";
			developmentRegion = English;
			hasScannedForEncodings = 0;
			knownRegions = (
				en,
				Base,
			);
			mainGroup = 54305C9C1B73F809003F9AB0;
			productRefGroup = 54305CA61B73F809003F9AB0 /* Products */;
			projectDirPath = "";
			projectRoot = "";
			targets = (
				54305CA41B73F809003F9AB0 /* bondzuios */,
				54305CB91B73F80A003F9AB0 /* bondzuiosTests */,
			);
		};
/* End PBXProject section */

/* Begin PBXResourcesBuildPhase section */
		54305CA31B73F809003F9AB0 /* Resources */ = {
			isa = PBXResourcesBuildPhase;
			buildActionMask = 2147483647;
			files = (
				5442528C1B7BF64B0077C7A6 /* Main.storyboard in Resources */,
				54305CB51B73F80A003F9AB0 /* LaunchScreen.xib in Resources */,
				54305CB21B73F80A003F9AB0 /* Images.xcassets in Resources */,
			);
			runOnlyForDeploymentPostprocessing = 0;
		};
		54305CB81B73F80A003F9AB0 /* Resources */ = {
			isa = PBXResourcesBuildPhase;
			buildActionMask = 2147483647;
			files = (
			);
			runOnlyForDeploymentPostprocessing = 0;
		};
/* End PBXResourcesBuildPhase section */

/* Begin PBXShellScriptBuildPhase section */
		9DCA7311741A3C9F59F56D47 /* Copy Pods Resources */ = {
			isa = PBXShellScriptBuildPhase;
			buildActionMask = 2147483647;
			files = (
			);
			inputPaths = (
			);
			name = "Copy Pods Resources";
			outputPaths = (
			);
			runOnlyForDeploymentPostprocessing = 0;
			shellPath = /bin/sh;
			shellScript = "\"${SRCROOT}/Pods/Target Support Files/Pods-bondzuios/Pods-bondzuios-resources.sh\"\n";
			showEnvVarsInLog = 0;
		};
		A165DC895CA7DA4FC73B2B8C /* Embed Pods Frameworks */ = {
			isa = PBXShellScriptBuildPhase;
			buildActionMask = 2147483647;
			files = (
			);
			inputPaths = (
			);
			name = "Embed Pods Frameworks";
			outputPaths = (
			);
			runOnlyForDeploymentPostprocessing = 0;
			shellPath = /bin/sh;
			shellScript = "\"${SRCROOT}/Pods/Target Support Files/Pods-bondzuios/Pods-bondzuios-frameworks.sh\"\n";
			showEnvVarsInLog = 0;
		};
		BC2C39C2EFA03B187CC99C14 /* Check Pods Manifest.lock */ = {
			isa = PBXShellScriptBuildPhase;
			buildActionMask = 2147483647;
			files = (
			);
			inputPaths = (
			);
			name = "Check Pods Manifest.lock";
			outputPaths = (
			);
			runOnlyForDeploymentPostprocessing = 0;
			shellPath = /bin/sh;
			shellScript = "diff \"${PODS_ROOT}/../Podfile.lock\" \"${PODS_ROOT}/Manifest.lock\" > /dev/null\nif [[ $? != 0 ]] ; then\n    cat << EOM\nerror: The sandbox is not in sync with the Podfile.lock. Run 'pod install' or update your CocoaPods installation.\nEOM\n    exit 1\nfi\n";
			showEnvVarsInLog = 0;
		};
/* End PBXShellScriptBuildPhase section */

/* Begin PBXSourcesBuildPhase section */
		54305CA11B73F809003F9AB0 /* Sources */ = {
			isa = PBXSourcesBuildPhase;
			buildActionMask = 2147483647;
			files = (
				549760FB1B7B0BED005782A6 /* Camera.swift in Sources */,
				540C6B701B795A0A006F9A12 /* ListaCamarasViewController.swift in Sources */,
				B39719E51B8F5CC200509A72 /* AboutLateralView.swift in Sources */,
				B34FB9E71B9F3AB000CC4FE6 /* TextFieldWithImageButton.swift in Sources */,
				5442528A1B7BF5860077C7A6 /* GiftsViewController.swift in Sources */,
				544252871B7BBFAB0077C7A6 /* CatalogViewController.swift in Sources */,
				54571F7E1B7924420092E359 /* LoginViewController.swift in Sources */,
				54BC54C81B7BF8A1009244C7 /* GalleryViewController.swift in Sources */,
				54E447AA1B74171300BF580F /* Producto.swift in Sources */,
				54A3CE2A1B84FB5200E106D9 /* PagoViewController.swift in Sources */,
				54305CAD1B73F809003F9AB0 /* VideoViewController.swift in Sources */,
				546490C11B7D3217007F3DEF /* Imagenes.swift in Sources */,
				B34AD43C1BA0BDE800ACD3D6 /* FullImageView.swift in Sources */,
				546486E11B8269BB00286CAC /* GiftDetailViewController.swift in Sources */,
				B34AD43A1BA0BCC100ACD3D6 /* ReplyCommunityViewController.swift in Sources */,
				549760FD1B7B12B9005782A6 /* Animal.swift in Sources */,
				54BC54C51B7BF879009244C7 /* CommunityViewController.swift in Sources */,
				548993281B98B36800DDF263 /* AnimalCollectionViewCell.swift in Sources */,
				54C406491B7D67D20082768B /* Constantes.swift in Sources */,
				54E806321BA74DD2007AFD44 /* NoCamerasViewController.swift in Sources */,
				542186981B83A7BB00E6461D /* Extensions.swift in Sources */,
				B31EE59E1BA1D5CC001268CE /* CommunityReplyEntryCellTableViewCell.swift in Sources */,
				54571F8B1B7932D60092E359 /* AboutViewController.swift in Sources */,
				5489932A1B98BE4400DDF263 /* AnimalV2.swift in Sources */,
				B3797FE31B8CC1BE00924080 /* CircledButton.swift in Sources */,
				54571F861B7928F10092E359 /* Animacion.swift in Sources */,
				546490BF1B7D043C007F3DEF /* GiftCollectionViewCell.swift in Sources */,
				54571F881B792ADE0092E359 /* TabsViewController.swift in Sources */,
				54571F841B7928E10092E359 /* Utiles.swift in Sources */,
				54305CAB1B73F809003F9AB0 /* AppDelegate.swift in Sources */,
				B39719E71B8F6F1800509A72 /* Usuario.swift in Sources */,
				54571F811B79270C0092E359 /* SignUpViewController.swift in Sources */,
				B3F048B41B98983C005EB12D /* CommunityEntryView.swift in Sources */,
			);
			runOnlyForDeploymentPostprocessing = 0;
		};
		54305CB61B73F80A003F9AB0 /* Sources */ = {
			isa = PBXSourcesBuildPhase;
			buildActionMask = 2147483647;
			files = (
				54305CC11B73F80A003F9AB0 /* bondzuiosTests.swift in Sources */,
			);
			runOnlyForDeploymentPostprocessing = 0;
		};
/* End PBXSourcesBuildPhase section */

/* Begin PBXTargetDependency section */
		54305CBC1B73F80A003F9AB0 /* PBXTargetDependency */ = {
			isa = PBXTargetDependency;
			target = 54305CA41B73F809003F9AB0 /* bondzuios */;
			targetProxy = 54305CBB1B73F80A003F9AB0 /* PBXContainerItemProxy */;
		};
/* End PBXTargetDependency section */

/* Begin PBXVariantGroup section */
		54305CB31B73F80A003F9AB0 /* LaunchScreen.xib */ = {
			isa = PBXVariantGroup;
			children = (
				54305CB41B73F80A003F9AB0 /* Base */,
			);
			name = LaunchScreen.xib;
			sourceTree = "<group>";
		};
/* End PBXVariantGroup section */

/* Begin XCBuildConfiguration section */
		54305CC21B73F80A003F9AB0 /* Debug */ = {
			isa = XCBuildConfiguration;
			buildSettings = {
				ALWAYS_SEARCH_USER_PATHS = NO;
				CLANG_CXX_LANGUAGE_STANDARD = "gnu++0x";
				CLANG_CXX_LIBRARY = "libc++";
				CLANG_ENABLE_MODULES = YES;
				CLANG_ENABLE_OBJC_ARC = YES;
				CLANG_WARN_BOOL_CONVERSION = YES;
				CLANG_WARN_CONSTANT_CONVERSION = YES;
				CLANG_WARN_DIRECT_OBJC_ISA_USAGE = YES_ERROR;
				CLANG_WARN_EMPTY_BODY = YES;
				CLANG_WARN_ENUM_CONVERSION = YES;
				CLANG_WARN_INT_CONVERSION = YES;
				CLANG_WARN_OBJC_ROOT_CLASS = YES_ERROR;
				CLANG_WARN_UNREACHABLE_CODE = YES;
				CLANG_WARN__DUPLICATE_METHOD_MATCH = YES;
				"CODE_SIGN_IDENTITY[sdk=iphoneos*]" = "iPhone Developer";
				COPY_PHASE_STRIP = NO;
				DEBUG_INFORMATION_FORMAT = "dwarf-with-dsym";
				ENABLE_STRICT_OBJC_MSGSEND = YES;
				ENABLE_TESTABILITY = YES;
				GCC_C_LANGUAGE_STANDARD = gnu99;
				GCC_DYNAMIC_NO_PIC = NO;
				GCC_NO_COMMON_BLOCKS = YES;
				GCC_OPTIMIZATION_LEVEL = 0;
				GCC_PREPROCESSOR_DEFINITIONS = (
					"DEBUG=1",
					"$(inherited)",
				);
				GCC_SYMBOLS_PRIVATE_EXTERN = NO;
				GCC_WARN_64_TO_32_BIT_CONVERSION = YES;
				GCC_WARN_ABOUT_RETURN_TYPE = YES_ERROR;
				GCC_WARN_UNDECLARED_SELECTOR = YES;
				GCC_WARN_UNINITIALIZED_AUTOS = YES_AGGRESSIVE;
				GCC_WARN_UNUSED_FUNCTION = YES;
				GCC_WARN_UNUSED_VARIABLE = YES;
				IPHONEOS_DEPLOYMENT_TARGET = 8.4;
				MTL_ENABLE_DEBUG_INFO = YES;
				ONLY_ACTIVE_ARCH = YES;
				SDKROOT = iphoneos;
				SWIFT_OBJC_BRIDGING_HEADER = "/Users/lmag94/Documents/Bondzu/bondzuios/bondzuios/Bridging-Header.h";
				SWIFT_OPTIMIZATION_LEVEL = "-Onone";
				TARGETED_DEVICE_FAMILY = "1,2";
			};
			name = Debug;
		};
		54305CC31B73F80A003F9AB0 /* Release */ = {
			isa = XCBuildConfiguration;
			buildSettings = {
				ALWAYS_SEARCH_USER_PATHS = NO;
				CLANG_CXX_LANGUAGE_STANDARD = "gnu++0x";
				CLANG_CXX_LIBRARY = "libc++";
				CLANG_ENABLE_MODULES = YES;
				CLANG_ENABLE_OBJC_ARC = YES;
				CLANG_WARN_BOOL_CONVERSION = YES;
				CLANG_WARN_CONSTANT_CONVERSION = YES;
				CLANG_WARN_DIRECT_OBJC_ISA_USAGE = YES_ERROR;
				CLANG_WARN_EMPTY_BODY = YES;
				CLANG_WARN_ENUM_CONVERSION = YES;
				CLANG_WARN_INT_CONVERSION = YES;
				CLANG_WARN_OBJC_ROOT_CLASS = YES_ERROR;
				CLANG_WARN_UNREACHABLE_CODE = YES;
				CLANG_WARN__DUPLICATE_METHOD_MATCH = YES;
				"CODE_SIGN_IDENTITY[sdk=iphoneos*]" = "iPhone Developer";
				COPY_PHASE_STRIP = NO;
				DEBUG_INFORMATION_FORMAT = "dwarf-with-dsym";
				ENABLE_NS_ASSERTIONS = NO;
				ENABLE_STRICT_OBJC_MSGSEND = YES;
				GCC_C_LANGUAGE_STANDARD = gnu99;
				GCC_NO_COMMON_BLOCKS = YES;
				GCC_WARN_64_TO_32_BIT_CONVERSION = YES;
				GCC_WARN_ABOUT_RETURN_TYPE = YES_ERROR;
				GCC_WARN_UNDECLARED_SELECTOR = YES;
				GCC_WARN_UNINITIALIZED_AUTOS = YES_AGGRESSIVE;
				GCC_WARN_UNUSED_FUNCTION = YES;
				GCC_WARN_UNUSED_VARIABLE = YES;
				IPHONEOS_DEPLOYMENT_TARGET = 8.4;
				MTL_ENABLE_DEBUG_INFO = NO;
				SDKROOT = iphoneos;
				SWIFT_OBJC_BRIDGING_HEADER = "/Users/lmag94/Documents/Bondzu/bondzuios/bondzuios/Bridging-Header.h";
				TARGETED_DEVICE_FAMILY = "1,2";
				VALIDATE_PRODUCT = YES;
			};
			name = Release;
		};
		54305CC51B73F80A003F9AB0 /* Debug */ = {
			isa = XCBuildConfiguration;
			baseConfigurationReference = 092D6BF827BFAF6C41449A2C /* Pods-bondzuios.debug.xcconfig */;
			buildSettings = {
				ASSETCATALOG_COMPILER_APPICON_NAME = AppIcon;
				CODE_SIGN_IDENTITY = "iPhone Developer";
				"CODE_SIGN_IDENTITY[sdk=iphoneos*]" = "iPhone Developer";
				ENABLE_BITCODE = NO;
				FRAMEWORK_SEARCH_PATHS = (
					"$(inherited)",
					"$(PROJECT_DIR)",
				);
				INFOPLIST_FILE = bondzuios/Info.plist;
				IPHONEOS_DEPLOYMENT_TARGET = 9.0;
				LD_RUNPATH_SEARCH_PATHS = "$(inherited) @executable_path/Frameworks";
				PRODUCT_BUNDLE_IDENTIFIER = "com.bondzu.$(PRODUCT_NAME:rfc1034identifier)";
				PRODUCT_NAME = Bondzu;
				PROVISIONING_PROFILE = "";
				SWIFT_OBJC_BRIDGING_HEADER = "bondzuios/Bridging-Header.h";
			};
			name = Debug;
		};
		54305CC61B73F80A003F9AB0 /* Release */ = {
			isa = XCBuildConfiguration;
			baseConfigurationReference = 369B6381515A0A35A75037A3 /* Pods-bondzuios.release.xcconfig */;
			buildSettings = {
				ASSETCATALOG_COMPILER_APPICON_NAME = AppIcon;
				CODE_SIGN_IDENTITY = "iPhone Developer";
				"CODE_SIGN_IDENTITY[sdk=iphoneos*]" = "iPhone Developer";
				ENABLE_BITCODE = NO;
				FRAMEWORK_SEARCH_PATHS = (
					"$(inherited)",
					"$(PROJECT_DIR)",
				);
				INFOPLIST_FILE = bondzuios/Info.plist;
				IPHONEOS_DEPLOYMENT_TARGET = 9.0;
				LD_RUNPATH_SEARCH_PATHS = "$(inherited) @executable_path/Frameworks";
				PRODUCT_BUNDLE_IDENTIFIER = "com.bondzu.$(PRODUCT_NAME:rfc1034identifier)";
				PRODUCT_NAME = Bondzu;
				PROVISIONING_PROFILE = "";
				SWIFT_OBJC_BRIDGING_HEADER = "bondzuios/Bridging-Header.h";
			};
			name = Release;
		};
		54305CC81B73F80A003F9AB0 /* Debug */ = {
			isa = XCBuildConfiguration;
			buildSettings = {
				BUNDLE_LOADER = "$(TEST_HOST)";
				GCC_PREPROCESSOR_DEFINITIONS = (
					"DEBUG=1",
					"$(inherited)",
				);
				INFOPLIST_FILE = bondzuiosTests/Info.plist;
				LD_RUNPATH_SEARCH_PATHS = "$(inherited) @executable_path/Frameworks @loader_path/Frameworks";
				PRODUCT_BUNDLE_IDENTIFIER = "com.bondzu.$(PRODUCT_NAME:rfc1034identifier)";
				PRODUCT_NAME = "$(TARGET_NAME)";
				SWIFT_OBJC_BRIDGING_HEADER = "bondzuios/Bridging-Header.h";
				TEST_HOST = "$(BUILT_PRODUCTS_DIR)/Bondzu.app/Bondzu";
			};
			name = Debug;
		};
		54305CC91B73F80A003F9AB0 /* Release */ = {
			isa = XCBuildConfiguration;
			buildSettings = {
				BUNDLE_LOADER = "$(TEST_HOST)";
				INFOPLIST_FILE = bondzuiosTests/Info.plist;
				LD_RUNPATH_SEARCH_PATHS = "$(inherited) @executable_path/Frameworks @loader_path/Frameworks";
				OTHER_CFLAGS = "";
				PRODUCT_BUNDLE_IDENTIFIER = "com.bondzu.$(PRODUCT_NAME:rfc1034identifier)";
				PRODUCT_NAME = "$(TARGET_NAME)";
				SWIFT_OBJC_BRIDGING_HEADER = "bondzuios/Bridging-Header.h";
				TEST_HOST = "$(BUILT_PRODUCTS_DIR)/Bondzu.app/Bondzu";
			};
			name = Release;
		};
/* End XCBuildConfiguration section */

/* Begin XCConfigurationList section */
		54305CA01B73F809003F9AB0 /* Build configuration list for PBXProject "bondzuios" */ = {
			isa = XCConfigurationList;
			buildConfigurations = (
				54305CC21B73F80A003F9AB0 /* Debug */,
				54305CC31B73F80A003F9AB0 /* Release */,
			);
			defaultConfigurationIsVisible = 0;
			defaultConfigurationName = Release;
		};
		54305CC41B73F80A003F9AB0 /* Build configuration list for PBXNativeTarget "bondzuios" */ = {
			isa = XCConfigurationList;
			buildConfigurations = (
				54305CC51B73F80A003F9AB0 /* Debug */,
				54305CC61B73F80A003F9AB0 /* Release */,
			);
			defaultConfigurationIsVisible = 0;
			defaultConfigurationName = Release;
		};
		54305CC71B73F80A003F9AB0 /* Build configuration list for PBXNativeTarget "bondzuiosTests" */ = {
			isa = XCConfigurationList;
			buildConfigurations = (
				54305CC81B73F80A003F9AB0 /* Debug */,
				54305CC91B73F80A003F9AB0 /* Release */,
			);
			defaultConfigurationIsVisible = 0;
			defaultConfigurationName = Release;
		};
/* End XCConfigurationList section */
	};
	rootObject = 54305C9D1B73F809003F9AB0 /* Project object */;
}
