// !$*UTF8*$!
{
	archiveVersion = 1;
	classes = {
	};
	objectVersion = 46;
	objects = {

/* Begin PBXBuildFile section */
		54305CAB1B73F809003F9AB0 /* AppDelegate.swift in Sources */ = {isa = PBXBuildFile; fileRef = 54305CAA1B73F809003F9AB0 /* AppDelegate.swift */; };
		54305CAD1B73F809003F9AB0 /* ViewController.swift in Sources */ = {isa = PBXBuildFile; fileRef = 54305CAC1B73F809003F9AB0 /* ViewController.swift */; };
		54305CB01B73F809003F9AB0 /* Main.storyboard in Resources */ = {isa = PBXBuildFile; fileRef = 54305CAE1B73F809003F9AB0 /* Main.storyboard */; };
		54305CB21B73F80A003F9AB0 /* Images.xcassets in Resources */ = {isa = PBXBuildFile; fileRef = 54305CB11B73F80A003F9AB0 /* Images.xcassets */; };
		54305CB51B73F80A003F9AB0 /* LaunchScreen.xib in Resources */ = {isa = PBXBuildFile; fileRef = 54305CB31B73F80A003F9AB0 /* LaunchScreen.xib */; };
		54305CC11B73F80A003F9AB0 /* bondzuiosTests.swift in Sources */ = {isa = PBXBuildFile; fileRef = 54305CC01B73F80A003F9AB0 /* bondzuiosTests.swift */; };
/* End PBXBuildFile section */

/* Begin PBXContainerItemProxy section */
		54305CBB1B73F80A003F9AB0 /* PBXContainerItemProxy */ = {
			isa = PBXContainerItemProxy;
			containerPortal = 54305C9D1B73F809003F9AB0 /* Project object */;
			proxyType = 1;
			remoteGlobalIDString = 54305CA41B73F809003F9AB0;
			remoteInfo = bondzuios;
		};
/* End PBXContainerItemProxy section */

/* Begin PBXFileReference section */
		54305CA51B73F809003F9AB0 /* bondzuios.app */ = {isa = PBXFileReference; explicitFileType = wrapper.application; includeInIndex = 0; path = bondzuios.app; sourceTree = BUILT_PRODUCTS_DIR; };
		54305CA91B73F809003F9AB0 /* Info.plist */ = {isa = PBXFileReference; lastKnownFileType = text.plist.xml; path = Info.plist; sourceTree = "<group>"; };
		54305CAA1B73F809003F9AB0 /* AppDelegate.swift */ = {isa = PBXFileReference; lastKnownFileType = sourcecode.swift; path = AppDelegate.swift; sourceTree = "<group>"; };
		54305CAC1B73F809003F9AB0 /* ViewController.swift */ = {isa = PBXFileReference; lastKnownFileType = sourcecode.swift; path = ViewController.swift; sourceTree = "<group>"; };
		54305CAF1B73F809003F9AB0 /* Base */ = {isa = PBXFileReference; lastKnownFileType = file.storyboard; name = Base; path = Base.lproj/Main.storyboard; sourceTree = "<group>"; };
		54305CB11B73F80A003F9AB0 /* Images.xcassets */ = {isa = PBXFileReference; lastKnownFileType = folder.assetcatalog; path = Images.xcassets; sourceTree = "<group>"; };
		54305CB41B73F80A003F9AB0 /* Base */ = {isa = PBXFileReference; lastKnownFileType = file.xib; name = Base; path = Base.lproj/LaunchScreen.xib; sourceTree = "<group>"; };
		54305CBA1B73F80A003F9AB0 /* bondzuiosTests.xctest */ = {isa = PBXFileReference; explicitFileType = wrapper.cfbundle; includeInIndex = 0; path = bondzuiosTests.xctest; sourceTree = BUILT_PRODUCTS_DIR; };
		54305CBF1B73F80A003F9AB0 /* Info.plist */ = {isa = PBXFileReference; lastKnownFileType = text.plist.xml; path = Info.plist; sourceTree = "<group>"; };
		54305CC01B73F80A003F9AB0 /* bondzuiosTests.swift */ = {isa = PBXFileReference; lastKnownFileType = sourcecode.swift; path = bondzuiosTests.swift; sourceTree = "<group>"; };
/* End PBXFileReference section */

/* Begin PBXFrameworksBuildPhase section */
		54305CA21B73F809003F9AB0 /* Frameworks */ = {
			isa = PBXFrameworksBuildPhase;
			buildActionMask = 2147483647;
			files = (
			);
			runOnlyForDeploymentPostprocessing = 0;
		};
		54305CB71B73F80A003F9AB0 /* Frameworks */ = {
			isa = PBXFrameworksBuildPhase;
			buildActionMask = 2147483647;
			files = (
			);
			runOnlyForDeploymentPostprocessing = 0;
		};
/* End PBXFrameworksBuildPhase section */

/* Begin PBXGroup section */
		54305C9C1B73F809003F9AB0 = {
			isa = PBXGroup;
			children = (
				54305CA71B73F809003F9AB0 /* bondzuios */,
				54305CBD1B73F80A003F9AB0 /* bondzuiosTests */,
				54305CA61B73F809003F9AB0 /* Products */,
			);
			sourceTree = "<group>";
		};
		54305CA61B73F809003F9AB0 /* Products */ = {
			isa = PBXGroup;
			children = (
				54305CA51B73F809003F9AB0 /* bondzuios.app */,
				54305CBA1B73F80A003F9AB0 /* bondzuiosTests.xctest */,
			);
			name = Products;
			sourceTree = "<group>";
		};
		54305CA71B73F809003F9AB0 /* bondzuios */ = {
			isa = PBXGroup;
			children = (
				54305CAA1B73F809003F9AB0 /* AppDelegate.swift */,
				54305CAC1B73F809003F9AB0 /* ViewController.swift */,
				54305CAE1B73F809003F9AB0 /* Main.storyboard */,
				54305CB11B73F80A003F9AB0 /* Images.xcassets */,
				54305CB31B73F80A003F9AB0 /* LaunchScreen.xib */,
				54305CA81B73F809003F9AB0 /* Supporting Files */,
			);
			path = bondzuios;
			sourceTree = "<group>";
		};
		54305CA81B73F809003F9AB0 /* Supporting Files */ = {
			isa = PBXGroup;
			children = (
				54305CA91B73F809003F9AB0 /* Info.plist */,
			);
			name = "Supporting Files";
			sourceTree = "<group>";
		};
		54305CBD1B73F80A003F9AB0 /* bondzuiosTests */ = {
			isa = PBXGroup;
			children = (
				54305CC01B73F80A003F9AB0 /* bondzuiosTests.swift */,
				54305CBE1B73F80A003F9AB0 /* Supporting Files */,
			);
			path = bondzuiosTests;
			sourceTree = "<group>";
		};
		54305CBE1B73F80A003F9AB0 /* Supporting Files */ = {
			isa = PBXGroup;
			children = (
				54305CBF1B73F80A003F9AB0 /* Info.plist */,
			);
			name = "Supporting Files";
			sourceTree = "<group>";
		};
/* End PBXGroup section */

/* Begin PBXNativeTarget section */
		54305CA41B73F809003F9AB0 /* bondzuios */ = {
			isa = PBXNativeTarget;
			buildConfigurationList = 54305CC41B73F80A003F9AB0 /* Build configuration list for PBXNativeTarget "bondzuios" */;
			buildPhases = (
				54305CA11B73F809003F9AB0 /* Sources */,
				54305CA21B73F809003F9AB0 /* Frameworks */,
				54305CA31B73F809003F9AB0 /* Resources */,
			);
			buildRules = (
			);
			dependencies = (
			);
			name = bondzuios;
			productName = bondzuios;
			productReference = 54305CA51B73F809003F9AB0 /* bondzuios.app */;
			productType = "com.apple.product-type.application";
		};
		54305CB91B73F80A003F9AB0 /* bondzuiosTests */ = {
			isa = PBXNativeTarget;
			buildConfigurationList = 54305CC71B73F80A003F9AB0 /* Build configuration list for PBXNativeTarget "bondzuiosTests" */;
			buildPhases = (
				54305CB61B73F80A003F9AB0 /* Sources */,
				54305CB71B73F80A003F9AB0 /* Frameworks */,
				54305CB81B73F80A003F9AB0 /* Resources */,
			);
			buildRules = (
			);
			dependencies = (
				54305CBC1B73F80A003F9AB0 /* PBXTargetDependency */,
			);
			name = bondzuiosTests;
			productName = bondzuiosTests;
			productReference = 54305CBA1B73F80A003F9AB0 /* bondzuiosTests.xctest */;
			productType = "com.apple.product-type.bundle.unit-test";
		};
/* End PBXNativeTarget section */

/* Begin PBXProject section */
		54305C9D1B73F809003F9AB0 /* Project object */ = {
			isa = PBXProject;
			attributes = {
				LastUpgradeCheck = 0640;
				ORGANIZATIONNAME = Bondzu;
				TargetAttributes = {
					54305CA41B73F809003F9AB0 = {
						CreatedOnToolsVersion = 6.4;
					};
					54305CB91B73F80A003F9AB0 = {
						CreatedOnToolsVersion = 6.4;
						TestTargetID = 54305CA41B73F809003F9AB0;
					};
				};
			};
			buildConfigurationList = 54305CA01B73F809003F9AB0 /* Build configuration list for PBXProject "bondzuios" */;
			compatibilityVersion = "Xcode 3.2";
			developmentRegion = English;
			hasScannedForEncodings = 0;
			knownRegions = (
				en,
				Base,
			);
			mainGroup = 54305C9C1B73F809003F9AB0;
			productRefGroup = 54305CA61B73F809003F9AB0 /* Products */;
			projectDirPath = "";
			projectRoot = "";
			targets = (
				54305CA41B73F809003F9AB0 /* bondzuios */,
				54305CB91B73F80A003F9AB0 /* bondzuiosTests */,
			);
		};
/* End PBXProject section */

/* Begin PBXResourcesBuildPhase section */
		54305CA31B73F809003F9AB0 /* Resources */ = {
			isa = PBXResourcesBuildPhase;
			buildActionMask = 2147483647;
			files = (
				54305CB01B73F809003F9AB0 /* Main.storyboard in Resources */,
				54305CB51B73F80A003F9AB0 /* LaunchScreen.xib in Resources */,
				54305CB21B73F80A003F9AB0 /* Images.xcassets in Resources */,
			);
			runOnlyForDeploymentPostprocessing = 0;
		};
		54305CB81B73F80A003F9AB0 /* Resources */ = {
			isa = PBXResourcesBuildPhase;
			buildActionMask = 2147483647;
			files = (
			);
			runOnlyForDeploymentPostprocessing = 0;
		};
/* End PBXResourcesBuildPhase section */

/* Begin PBXSourcesBuildPhase section */
		54305CA11B73F809003F9AB0 /* Sources */ = {
			isa = PBXSourcesBuildPhase;
			buildActionMask = 2147483647;
			files = (
				54305CAD1B73F809003F9AB0 /* ViewController.swift in Sources */,
				54305CAB1B73F809003F9AB0 /* AppDelegate.swift in Sources */,
			);
			runOnlyForDeploymentPostprocessing = 0;
		};
		54305CB61B73F80A003F9AB0 /* Sources */ = {
			isa = PBXSourcesBuildPhase;
			buildActionMask = 2147483647;
			files = (
				54305CC11B73F80A003F9AB0 /* bondzuiosTests.swift in Sources */,
			);
			runOnlyForDeploymentPostprocessing = 0;
		};
/* End PBXSourcesBuildPhase section */

/* Begin PBXTargetDependency section */
		54305CBC1B73F80A003F9AB0 /* PBXTargetDependency */ = {
			isa = PBXTargetDependency;
			target = 54305CA41B73F809003F9AB0 /* bondzuios */;
			targetProxy = 54305CBB1B73F80A003F9AB0 /* PBXContainerItemProxy */;
		};
/* End PBXTargetDependency section */

/* Begin PBXVariantGroup section */
		54305CAE1B73F809003F9AB0 /* Main.storyboard */ = {
			isa = PBXVariantGroup;
			children = (
				54305CAF1B73F809003F9AB0 /* Base */,
			);
			name = Main.storyboard;
			sourceTree = "<group>";
		};
		54305CB31B73F80A003F9AB0 /* LaunchScreen.xib */ = {
			isa = PBXVariantGroup;
			children = (
				54305CB41B73F80A003F9AB0 /* Base */,
			);
			name = LaunchScreen.xib;
			sourceTree = "<group>";
		};
/* End PBXVariantGroup section */

/* Begin XCBuildConfiguration section */
		54305CC21B73F80A003F9AB0 /* Debug */ = {
			isa = XCBuildConfiguration;
			buildSettings = {
				ALWAYS_SEARCH_USER_PATHS = NO;
				CLANG_CXX_LANGUAGE_STANDARD = "gnu++0x";
				CLANG_CXX_LIBRARY = "libc++";
				CLANG_ENABLE_MODULES = YES;
				CLANG_ENABLE_OBJC_ARC = YES;
				CLANG_WARN_BOOL_CONVERSION = YES;
				CLANG_WARN_CONSTANT_CONVERSION = YES;
				CLANG_WARN_DIRECT_OBJC_ISA_USAGE = YES_ERROR;
				CLANG_WARN_EMPTY_BODY = YES;
				CLANG_WARN_ENUM_CONVERSION = YES;
				CLANG_WARN_INT_CONVERSION = YES;
				CLANG_WARN_OBJC_ROOT_CLASS = YES_ERROR;
				CLANG_WARN_UNREACHABLE_CODE = YES;
				CLANG_WARN__DUPLICATE_METHOD_MATCH = YES;
				"CODE_SIGN_IDENTITY[sdk=iphoneos*]" = "iPhone Developer";
				COPY_PHASE_STRIP = NO;
				DEBUG_INFORMATION_FORMAT = "dwarf-with-dsym";
				ENABLE_STRICT_OBJC_MSGSEND = YES;
				GCC_C_LANGUAGE_STANDARD = gnu99;
				GCC_DYNAMIC_NO_PIC = NO;
				GCC_NO_COMMON_BLOCKS = YES;
				GCC_OPTIMIZATION_LEVEL = 0;
				GCC_PREPROCESSOR_DEFINITIONS = (
					"DEBUG=1",
					"$(inherited)",
				);
				GCC_SYMBOLS_PRIVATE_EXTERN = NO;
				GCC_WARN_64_TO_32_BIT_CONVERSION = YES;
				GCC_WARN_ABOUT_RETURN_TYPE = YES_ERROR;
				GCC_WARN_UNDECLARED_SELECTOR = YES;
				GCC_WARN_UNINITIALIZED_AUTOS = YES_AGGRESSIVE;
				GCC_WARN_UNUSED_FUNCTION = YES;
				GCC_WARN_UNUSED_VARIABLE = YES;
				IPHONEOS_DEPLOYMENT_TARGET = 8.4;
				MTL_ENABLE_DEBUG_INFO = YES;
				ONLY_ACTIVE_ARCH = YES;
				SDKROOT = iphoneos;
				SWIFT_OPTIMIZATION_LEVEL = "-Onone";
				TARGETED_DEVICE_FAMILY = "1,2";
			};
			name = Debug;
		};
		54305CC31B73F80A003F9AB0 /* Release */ = {
			isa = XCBuildConfiguration;
			buildSettings = {
				ALWAYS_SEARCH_USER_PATHS = NO;
				CLANG_CXX_LANGUAGE_STANDARD = "gnu++0x";
				CLANG_CXX_LIBRARY = "libc++";
				CLANG_ENABLE_MODULES = YES;
				CLANG_ENABLE_OBJC_ARC = YES;
				CLANG_WARN_BOOL_CONVERSION = YES;
				CLANG_WARN_CONSTANT_CONVERSION = YES;
				CLANG_WARN_DIRECT_OBJC_ISA_USAGE = YES_ERROR;
				CLANG_WARN_EMPTY_BODY = YES;
				CLANG_WARN_ENUM_CONVERSION = YES;
				CLANG_WARN_INT_CONVERSION = YES;
				CLANG_WARN_OBJC_ROOT_CLASS = YES_ERROR;
				CLANG_WARN_UNREACHABLE_CODE = YES;
				CLANG_WARN__DUPLICATE_METHOD_MATCH = YES;
				"CODE_SIGN_IDENTITY[sdk=iphoneos*]" = "iPhone Developer";
				COPY_PHASE_STRIP = NO;
				DEBUG_INFORMATION_FORMAT = "dwarf-with-dsym";
				ENABLE_NS_ASSERTIONS = NO;
				ENABLE_STRICT_OBJC_MSGSEND = YES;
				GCC_C_LANGUAGE_STANDARD = gnu99;
				GCC_NO_COMMON_BLOCKS = YES;
				GCC_WARN_64_TO_32_BIT_CONVERSION = YES;
				GCC_WARN_ABOUT_RETURN_TYPE = YES_ERROR;
				GCC_WARN_UNDECLARED_SELECTOR = YES;
				GCC_WARN_UNINITIALIZED_AUTOS = YES_AGGRESSIVE;
				GCC_WARN_UNUSED_FUNCTION = YES;
				GCC_WARN_UNUSED_VARIABLE = YES;
				IPHONEOS_DEPLOYMENT_TARGET = 8.4;
				MTL_ENABLE_DEBUG_INFO = NO;
				SDKROOT = iphoneos;
				TARGETED_DEVICE_FAMILY = "1,2";
				VALIDATE_PRODUCT = YES;
			};
			name = Release;
		};
		54305CC51B73F80A003F9AB0 /* Debug */ = {
			isa = XCBuildConfiguration;
			buildSettings = {
				ASSETCATALOG_COMPILER_APPICON_NAME = AppIcon;
				INFOPLIST_FILE = bondzuios/Info.plist;
				LD_RUNPATH_SEARCH_PATHS = "$(inherited) @executable_path/Frameworks";
				PRODUCT_NAME = "$(TARGET_NAME)";
			};
			name = Debug;
		};
		54305CC61B73F80A003F9AB0 /* Release */ = {
			isa = XCBuildConfiguration;
			buildSettings = {
				ASSETCATALOG_COMPILER_APPICON_NAME = AppIcon;
				INFOPLIST_FILE = bondzuios/Info.plist;
				LD_RUNPATH_SEARCH_PATHS = "$(inherited) @executable_path/Frameworks";
				PRODUCT_NAME = "$(TARGET_NAME)";
			};
			name = Release;
		};
		54305CC81B73F80A003F9AB0 /* Debug */ = {
			isa = XCBuildConfiguration;
			buildSettings = {
				BUNDLE_LOADER = "$(TEST_HOST)";
				FRAMEWORK_SEARCH_PATHS = (
					"$(SDKROOT)/Developer/Library/Frameworks",
					"$(inherited)",
				);
				GCC_PREPROCESSOR_DEFINITIONS = (
					"DEBUG=1",
					"$(inherited)",
				);
				INFOPLIST_FILE = bondzuiosTests/Info.plist;
				LD_RUNPATH_SEARCH_PATHS = "$(inherited) @executable_path/Frameworks @loader_path/Frameworks";
				PRODUCT_NAME = "$(TARGET_NAME)";
				TEST_HOST = "$(BUILT_PRODUCTS_DIR)/bondzuios.app/bondzuios";
			};
			name = Debug;
		};
		54305CC91B73F80A003F9AB0 /* Release */ = {
			isa = XCBuildConfiguration;
			buildSettings = {
				BUNDLE_LOADER = "$(TEST_HOST)";
				FRAMEWORK_SEARCH_PATHS = (
					"$(SDKROOT)/Developer/Library/Frameworks",
					"$(inherited)",
				);
				INFOPLIST_FILE = bondzuiosTests/Info.plist;
				LD_RUNPATH_SEARCH_PATHS = "$(inherited) @executable_path/Frameworks @loader_path/Frameworks";
				PRODUCT_NAME = "$(TARGET_NAME)";
				TEST_HOST = "$(BUILT_PRODUCTS_DIR)/bondzuios.app/bondzuios";
			};
			name = Release;
		};
/* End XCBuildConfiguration section */

/* Begin XCConfigurationList section */
		54305CA01B73F809003F9AB0 /* Build configuration list for PBXProject "bondzuios" */ = {
			isa = XCConfigurationList;
			buildConfigurations = (
				54305CC21B73F80A003F9AB0 /* Debug */,
				54305CC31B73F80A003F9AB0 /* Release */,
			);
			defaultConfigurationIsVisible = 0;
			defaultConfigurationName = Release;
		};
		54305CC41B73F80A003F9AB0 /* Build configuration list for PBXNativeTarget "bondzuios" */ = {
			isa = XCConfigurationList;
			buildConfigurations = (
				54305CC51B73F80A003F9AB0 /* Debug */,
				54305CC61B73F80A003F9AB0 /* Release */,
			);
			defaultConfigurationIsVisible = 0;
		};
		54305CC71B73F80A003F9AB0 /* Build configuration list for PBXNativeTarget "bondzuiosTests" */ = {
			isa = XCConfigurationList;
			buildConfigurations = (
				54305CC81B73F80A003F9AB0 /* Debug */,
				54305CC91B73F80A003F9AB0 /* Release */,
			);
			defaultConfigurationIsVisible = 0;
		};
/* End XCConfigurationList section */
	};
	rootObject = 54305C9D1B73F809003F9AB0 /* Project object */;
}
